{
  "nodes": {
    "boostSmlSrc": {
      "flake": false,
      "locked": {
        "lastModified": 1775106635,
        "narHash": "sha256-gRBOpIQwUvzKP+eUSMA74qu70JbL5BegB7FFq0GpZsI=",
        "owner": "stateforward",
        "repo": "sml.cpp",
        "rev": "4a7109b5dd4aae40e78304e3ac03440ccc35031e",
        "type": "github"
      },
      "original": {
        "owner": "stateforward",
        "repo": "sml.cpp",
        "rev": "4a7109b5dd4aae40e78304e3ac03440ccc35031e",
        "type": "github"
      }
    },
    "devenv": {
      "locked": {
        "dir": "src/modules",
        "lastModified": 1778705847,
        "narHash": "sha256-EQnZCy7r4VMO6KDoytxHBa0mFbM1D9g1kaDfs/s0YZA=",
        "owner": "cachix",
        "repo": "devenv",
        "rev": "ea3d94ac9d6bf6a1313773170122ca4e2ef5a0be",
        "type": "github"
      },
      "original": {
        "dir": "src/modules",
        "owner": "cachix",
        "ref": "v2.1.2",
        "repo": "devenv",
        "type": "github"
      }
    },
    "flake-compat": {
      "flake": false,
      "locked": {
        "lastModified": 1767039857,
        "narHash": "sha256-vNpUSpF5Nuw8xvDLj2KCwwksIbjua2LZCqhV1LNRDns=",
        "owner": "NixOS",
        "repo": "flake-compat",
        "rev": "5edf11c44bc78a0d334f6334cdaf7d60d732daab",
        "type": "github"
      },
      "original": {
        "owner": "NixOS",
        "repo": "flake-compat",
        "type": "github"
      }
    },
    "git-hooks": {
      "inputs": {
        "flake-compat": "flake-compat",
        "gitignore": "gitignore",
        "nixpkgs": [
          "nixpkgs"
        ]
      },
      "locked": {
        "lastModified": 1778507602,
        "narHash": "sha256-kTwur1wV+01SdqskVMSo6JMEpg71ps3HpbFY2GsflKs=",
        "owner": "cachix",
        "repo": "git-hooks.nix",
        "rev": "61ab0e80d9c7ab14c256b5b453d8b3fb0189ba0a",
        "type": "github"
      },
      "original": {
        "owner": "cachix",
        "repo": "git-hooks.nix",
        "type": "github"
      }
    },
    "gitignore": {
      "inputs": {
        "nixpkgs": [
          "git-hooks",
          "nixpkgs"
        ]
      },
      "locked": {
        "lastModified": 1709087332,
        "narHash": "sha256-HG2cCnktfHsKV0s4XW83gU3F57gaTljL9KNSuG6bnQs=",
        "owner": "hercules-ci",
        "repo": "gitignore.nix",
        "rev": "637db329424fd7e46cf4185293b9cc8c88c95394",
        "type": "github"
      },
      "original": {
        "owner": "hercules-ci",
        "repo": "gitignore.nix",
        "type": "github"
      }
    },
    "htmxClientSideTemplatesSrc": {
      "flake": false,
      "locked": {
        "lastModified": 499162500,
        "narHash": "sha256-ZMNujr8ZELs8ms+CmLOBVQa4f6W9iIqF4cp3VM7eb8Q=",
        "type": "tarball",
        "url": "https://registry.npmjs.org/htmx-ext-client-side-templates/-/htmx-ext-client-side-templates-2.0.2.tgz"
      },
      "original": {
        "type": "tarball",
        "url": "https://registry.npmjs.org/htmx-ext-client-side-templates/-/htmx-ext-client-side-templates-2.0.2.tgz"
      }
    },
    "htmxJsonEncSrc": {
      "flake": false,
      "locked": {
        "lastModified": 499162500,
        "narHash": "sha256-HqwXrll0ZRYjD4CFae2lLwvHoAVXQsz3phhoXx5ZY9A=",
        "type": "tarball",
        "url": "https://registry.npmjs.org/htmx-ext-json-enc/-/htmx-ext-json-enc-2.0.3.tgz"
      },
      "original": {
        "type": "tarball",
        "url": "https://registry.npmjs.org/htmx-ext-json-enc/-/htmx-ext-json-enc-2.0.3.tgz"
      }
    },
    "htmxResponseTargetsSrc": {
      "flake": false,
      "locked": {
        "lastModified": 499162500,
        "narHash": "sha256-IoC4XqW/K9n7uceNl+u3uVJVVnqc5wCmsoTcEHefuGg=",
        "type": "tarball",
        "url": "https://registry.npmjs.org/htmx-ext-response-targets/-/htmx-ext-response-targets-2.0.4.tgz"
      },
      "original": {
        "type": "tarball",
        "url": "https://registry.npmjs.org/htmx-ext-response-targets/-/htmx-ext-response-targets-2.0.4.tgz"
      }
    },
    "htmxSrc": {
      "flake": false,
      "locked": {
        "lastModified": 499162500,
        "narHash": "sha256-9o6gHA0NAxos3eYvdMk7GezdlRqHRar8k/J6UfvzrS0=",
        "type": "tarball",
        "url": "https://registry.npmjs.org/htmx.org/-/htmx.org-2.0.8.tgz"
      },
      "original": {
        "type": "tarball",
        "url": "https://registry.npmjs.org/htmx.org/-/htmx.org-2.0.8.tgz"
      }
    },
    "nixpkgs": {
      "locked": {
        "lastModified": 1776311487,
        "narHash": "sha256-9U8bL9X/0R9cZD3Uc/mN37AWvv5dB4WQqqjLRAxQfas=",
        "owner": "NixOS",
        "repo": "nixpkgs",
        "rev": "cc1e0e027707ad53dddae39d3b3e992262c7d8c7",
        "type": "github"
      },
      "original": {
        "owner": "NixOS",
        "repo": "nixpkgs",
        "rev": "cc1e0e027707ad53dddae39d3b3e992262c7d8c7",
        "type": "github"
      }
    },
    "nunjucksSrc": {
      "flake": false,
      "locked": {
        "lastModified": 499162500,
        "narHash": "sha256-/VCz2F5RJ+97FErVJdpSVwJzzvTNHUPgta4Q763L2cU=",
        "type": "tarball",
        "url": "https://registry.npmjs.org/nunjucks/-/nunjucks-3.2.4.tgz"
      },
      "original": {
        "type": "tarball",
        "url": "https://registry.npmjs.org/nunjucks/-/nunjucks-3.2.4.tgz"
      }
    },
    "pgmigrateSrc": {
      "flake": false,
      "locked": {
        "lastModified": 1751271822,
        "narHash": "sha256-juE5E7+CKBim58GatyB6wcsmnCjE4P0u115siP9C9bk=",
        "owner": "yandex",
        "repo": "pgmigrate",
        "rev": "76a0eec2cabadae6f3a66527d7e421ca2797bf90",
        "type": "github"
      },
      "original": {
        "owner": "yandex",
        "repo": "pgmigrate",
        "rev": "76a0eec2cabadae6f3a66527d7e421ca2797bf90",
        "type": "github"
      }
    },
    "rapidocSrc": {
      "flake": false,
      "locked": {
        "lastModified": 499162500,
        "narHash": "sha256-GJay2tzmyCJ7pdk2C2Gf4rIp7Qc1qzQI8iu4OqryEIE=",
        "type": "tarball",
        "url": "https://registry.npmjs.org/rapidoc/-/rapidoc-9.3.8.tgz"
      },
      "original": {
        "type": "tarball",
        "url": "https://registry.npmjs.org/rapidoc/-/rapidoc-9.3.8.tgz"
      }
    },
    "replaywebpageSrc": {
      "flake": false,
      "locked": {
        "lastModified": 499162500,
        "narHash": "sha256-k232XcrdKlEEBVEqNBliXsHC27CKXuHJnjzbh4YI8Fs=",
        "type": "tarball",
        "url": "https://registry.npmjs.org/replaywebpage/-/replaywebpage-2.4.4.tgz"
      },
      "original": {
        "type": "tarball",
        "url": "https://registry.npmjs.org/replaywebpage/-/replaywebpage-2.4.4.tgz"
      }
    },
    "root": {
      "inputs": {
        "boostSmlSrc": "boostSmlSrc",
        "devenv": "devenv",
        "git-hooks": "git-hooks",
        "htmxClientSideTemplatesSrc": "htmxClientSideTemplatesSrc",
        "htmxJsonEncSrc": "htmxJsonEncSrc",
        "htmxResponseTargetsSrc": "htmxResponseTargetsSrc",
        "htmxSrc": "htmxSrc",
        "nixpkgs": "nixpkgs",
        "nunjucksSrc": "nunjucksSrc",
        "pgmigrateSrc": "pgmigrateSrc",
        "rapidocSrc": "rapidocSrc",
        "replaywebpageSrc": "replaywebpageSrc",
        "seaweedfsNixpkgs": "seaweedfsNixpkgs",
        "transliterateSrc": "transliterateSrc",
        "treefmt-nix": "treefmt-nix",
        "uniAlgoSrc": "uniAlgoSrc",
        "userverSrc": "userverSrc",
        "websocketsSrc": "websocketsSrc",
        "yandexTaxiTestsuiteSrc": "yandexTaxiTestsuiteSrc"
      }
    },
    "seaweedfsNixpkgs": {
      "locked": {
        "lastModified": 1764947035,
        "narHash": "sha256-EYHSjVM4Ox4lvCXUMiKKs2vETUSL5mx+J2FfutM7T9w=",
        "owner": "NixOS",
        "repo": "nixpkgs",
        "rev": "a672be65651c80d3f592a89b3945466584a22069",
        "type": "github"
      },
      "original": {
        "owner": "NixOS",
        "repo": "nixpkgs",
        "rev": "a672be65651c80d3f592a89b3945466584a22069",
        "type": "github"
      }
    },
    "transliterateSrc": {
      "flake": false,
      "locked": {
        "lastModified": 1537217555,
        "narHash": "sha256-GLdzlTRMtN9y9GuUg8hXjKJPuD8kpmeqy0/MfXPOvQw=",
        "type": "tarball",
        "url": "https://files.pythonhosted.org/packages/source/t/transliterate/transliterate-1.10.2.tar.gz"
      },
      "original": {
        "type": "tarball",
        "url": "https://files.pythonhosted.org/packages/source/t/transliterate/transliterate-1.10.2.tar.gz"
      }
    },
    "treefmt-nix": {
      "inputs": {
        "nixpkgs": [
          "nixpkgs"
        ]
      },
      "locked": {
        "lastModified": 1775636079,
        "narHash": "sha256-pc20NRoMdiar8oPQceQT47UUZMBTiMdUuWrYu2obUP0=",
        "owner": "numtide",
        "repo": "treefmt-nix",
        "rev": "790751ff7fd3801feeaf96d7dc416a8d581265ba",
        "type": "github"
      },
      "original": {
        "owner": "numtide",
        "repo": "treefmt-nix",
        "type": "github"
      }
    },
    "uniAlgoSrc": {
      "flake": false,
      "locked": {
        "lastModified": 1704463399,
        "narHash": "sha256-XYZs8Kx13Y+LZk5xuC3VfwZGDTOvmrNQNHCoZxOGS70=",
        "owner": "uni-algo",
        "repo": "uni-algo",
        "rev": "6c091fa266ac03a852128429af3b7481cf50a0ab",
        "type": "github"
      },
      "original": {
        "owner": "uni-algo",
        "repo": "uni-algo",
        "rev": "6c091fa266ac03a852128429af3b7481cf50a0ab",
        "type": "github"
      }
    },
    "userverSrc": {
      "flake": false,
      "locked": {
        "lastModified": 1773256359,
        "narHash": "sha256-gnf+Th0oYPBPeoyL5DjH3yDEfY9k+zXSxjgt8RES9Wc=",
        "owner": "userver-framework",
        "repo": "userver",
        "rev": "ba2ae1fefaebacd41647d6b3fcf5023546a67065",
        "type": "github"
      },
      "original": {
        "owner": "userver-framework",
        "repo": "userver",
        "rev": "ba2ae1fefaebacd41647d6b3fcf5023546a67065",
        "type": "github"
      }
    },
    "websocketsSrc": {
      "flake": false,
      "locked": {
        "lastModified": 1697896592,
        "narHash": "sha256-2Q7DIXQad1J+mx1pm5WVx53kKAf/HtxiyAcChwYvJ00=",
        "type": "tarball",
        "url": "https://files.pythonhosted.org/packages/source/w/websockets/websockets-12.0.tar.gz"
      },
      "original": {
        "type": "tarball",
        "url": "https://files.pythonhosted.org/packages/source/w/websockets/websockets-12.0.tar.gz"
      }
    },
    "yandexTaxiTestsuiteSrc": {
      "flake": false,
      "locked": {
        "lastModified": 1771266117,
        "narHash": "sha256-45c/jxjKu1aDMU9ioEWbaQCUrN9RYO3VL5FTiCxttL8=",
        "owner": "yandex",
        "repo": "yandex-taxi-testsuite",
        "rev": "183bdc16a65cc050e3aee79ee7088f778f6e9666",
        "type": "github"
      },
      "original": {
        "owner": "yandex",
        "repo": "yandex-taxi-testsuite",
        "rev": "183bdc16a65cc050e3aee79ee7088f778f6e9666",
        "type": "github"
      }
    }
  },
  "root": "root",
  "version": 7
}