{
  "nodes": {
    "devenv": {
      "locked": {
        "dir": "src/modules",
        "lastModified": 1764262844,
        "narHash": "sha256-8Ivbm9ltg0hUGQYMuRDOI8hbHUzqB9xKZ9ubKAzzwE8=",
        "owner": "cachix",
        "repo": "devenv",
        "rev": "42246161fa3bf7cd18f8334d08c73d6aaa8762d3",
        "type": "github"
      },
      "original": {
        "dir": "src/modules",
        "owner": "cachix",
        "ref": "v1.11.2",
        "repo": "devenv",
        "type": "github"
      }
    },
    "flake-compat": {
      "flake": false,
      "locked": {
        "lastModified": 1767039857,
        "narHash": "sha256-vNpUSpF5Nuw8xvDLj2KCwwksIbjua2LZCqhV1LNRDns=",
        "owner": "NixOS",
        "repo": "flake-compat",
        "rev": "5edf11c44bc78a0d334f6334cdaf7d60d732daab",
        "type": "github"
      },
      "original": {
        "owner": "NixOS",
        "repo": "flake-compat",
        "type": "github"
      }
    },
    "git-hooks": {
      "inputs": {
        "flake-compat": "flake-compat",
        "gitignore": "gitignore",
        "nixpkgs": [
          "nixpkgs"
        ]
      },
      "locked": {
        "lastModified": 1769069492,
        "narHash": "sha256-Efs3VUPelRduf3PpfPP2ovEB4CXT7vHf8W+xc49RL/U=",
        "owner": "cachix",
        "repo": "git-hooks.nix",
        "rev": "a1ef738813b15cf8ec759bdff5761b027e3e1d23",
        "type": "github"
      },
      "original": {
        "owner": "cachix",
        "repo": "git-hooks.nix",
        "type": "github"
      }
    },
    "gitignore": {
      "inputs": {
        "nixpkgs": [
          "git-hooks",
          "nixpkgs"
        ]
      },
      "locked": {
        "lastModified": 1762808025,
        "narHash": "sha256-XmjITeZNMTQXGhhww6ed/Wacy2KzD6svioyCX7pkUu4=",
        "owner": "hercules-ci",
        "repo": "gitignore.nix",
        "rev": "cb5e3fdca1de58ccbc3ef53de65bd372b48f567c",
        "type": "github"
      },
      "original": {
        "owner": "hercules-ci",
        "repo": "gitignore.nix",
        "type": "github"
      }
    },
    "nixpkgs": {
      "locked": {
        "lastModified": 1764947035,
        "narHash": "sha256-EYHSjVM4Ox4lvCXUMiKKs2vETUSL5mx+J2FfutM7T9w=",
        "owner": "NixOS",
        "repo": "nixpkgs",
        "rev": "a672be65651c80d3f592a89b3945466584a22069",
        "type": "github"
      },
      "original": {
        "owner": "NixOS",
        "repo": "nixpkgs",
        "rev": "a672be65651c80d3f592a89b3945466584a22069",
        "type": "github"
      }
    },
    "pgmigrateSrc": {
      "flake": false,
      "locked": {
        "lastModified": 1751271822,
        "narHash": "sha256-juE5E7+CKBim58GatyB6wcsmnCjE4P0u115siP9C9bk=",
        "owner": "yandex",
        "repo": "pgmigrate",
        "rev": "76a0eec2cabadae6f3a66527d7e421ca2797bf90",
        "type": "github"
      },
      "original": {
        "owner": "yandex",
        "repo": "pgmigrate",
        "rev": "76a0eec2cabadae6f3a66527d7e421ca2797bf90",
        "type": "github"
      }
    },
    "root": {
      "inputs": {
        "devenv": "devenv",
        "git-hooks": "git-hooks",
        "nixpkgs": "nixpkgs",
        "pgmigrateSrc": "pgmigrateSrc",
        "pre-commit-hooks": [
          "git-hooks"
        ],
        "treefmt-nix": "treefmt-nix",
        "uniAlgoSrc": "uniAlgoSrc",
        "userverSrc": "userverSrc",
        "yandexTaxiTestsuiteSrc": "yandexTaxiTestsuiteSrc"
      }
    },
    "treefmt-nix": {
      "inputs": {
        "nixpkgs": [
          "nixpkgs"
        ]
      },
      "locked": {
        "lastModified": 1769353635,
        "narHash": "sha256-J0G1ACrUK29M0THPAsz429eZX07GmR9Bs/b0pB3N0dQ=",
        "owner": "numtide",
        "repo": "treefmt-nix",
        "rev": "f46bb205f239b415309f58166f8df6919fa88377",
        "type": "github"
      },
      "original": {
        "owner": "numtide",
        "repo": "treefmt-nix",
        "type": "github"
      }
    },
    "uniAlgoSrc": {
      "flake": false,
      "locked": {
        "lastModified": 1704463399,
        "narHash": "sha256-XYZs8Kx13Y+LZk5xuC3VfwZGDTOvmrNQNHCoZxOGS70=",
        "owner": "uni-algo",
        "repo": "uni-algo",
        "rev": "6c091fa266ac03a852128429af3b7481cf50a0ab",
        "type": "github"
      },
      "original": {
        "owner": "uni-algo",
        "repo": "uni-algo",
        "rev": "6c091fa266ac03a852128429af3b7481cf50a0ab",
        "type": "github"
      }
    },
    "userverSrc": {
      "flake": false,
      "locked": {
        "lastModified": 1773256359,
        "narHash": "sha256-gnf+Th0oYPBPeoyL5DjH3yDEfY9k+zXSxjgt8RES9Wc=",
        "owner": "userver-framework",
        "repo": "userver",
        "rev": "ba2ae1fefaebacd41647d6b3fcf5023546a67065",
        "type": "github"
      },
      "original": {
        "owner": "userver-framework",
        "repo": "userver",
        "rev": "ba2ae1fefaebacd41647d6b3fcf5023546a67065",
        "type": "github"
      }
    },
    "yandexTaxiTestsuiteSrc": {
      "flake": false,
      "locked": {
        "lastModified": 1771266117,
        "narHash": "sha256-45c/jxjKu1aDMU9ioEWbaQCUrN9RYO3VL5FTiCxttL8=",
        "owner": "yandex",
        "repo": "yandex-taxi-testsuite",
        "rev": "183bdc16a65cc050e3aee79ee7088f778f6e9666",
        "type": "github"
      },
      "original": {
        "owner": "yandex",
        "repo": "yandex-taxi-testsuite",
        "rev": "183bdc16a65cc050e3aee79ee7088f778f6e9666",
        "type": "github"
      }
    }
  },
  "root": "root",
  "version": 7
}
