{
  "nodes": {
    "flake-utils": {
      "inputs": {
        "systems": "systems"
      },
      "locked": {
        "lastModified": 1731533236,
        "narHash": "sha256-l0KFg5HjrsfsO/JpG+r7fRrqm12kzFHyUHqHCVpMMbI=",
        "owner": "numtide",
        "repo": "flake-utils",
        "rev": "11707dc2f618dd54ca8739b309ec4fc024de578b",
        "type": "github"
      },
      "original": {
        "owner": "numtide",
        "repo": "flake-utils",
        "type": "github"
      }
    },
    "nixpkgs": {
      "locked": {
        "lastModified": 1773110118,
        "narHash": "sha256-mPAG8phMbCReKSiKAijjjd3v7uVcJOQ75gSjGJjt/Rk=",
        "owner": "NixOS",
        "repo": "nixpkgs",
        "rev": "e607cb5360ff1234862ac9f8839522becb853bb9",
        "type": "github"
      },
      "original": {
        "id": "nixpkgs",
        "type": "indirect"
      }
    },
    "pgmigrateSrc": {
      "flake": false,
      "locked": {
        "lastModified": 1751271822,
        "narHash": "sha256-juE5E7+CKBim58GatyB6wcsmnCjE4P0u115siP9C9bk=",
        "owner": "yandex",
        "repo": "pgmigrate",
        "rev": "76a0eec2cabadae6f3a66527d7e421ca2797bf90",
        "type": "github"
      },
      "original": {
        "owner": "yandex",
        "repo": "pgmigrate",
        "rev": "76a0eec2cabadae6f3a66527d7e421ca2797bf90",
        "type": "github"
      }
    },
    "root": {
      "inputs": {
        "flake-utils": "flake-utils",
        "nixpkgs": "nixpkgs",
        "pgmigrateSrc": "pgmigrateSrc",
        "yandexTaxiTestsuiteSrc": "yandexTaxiTestsuiteSrc"
      }
    },
    "systems": {
      "locked": {
        "lastModified": 1681028828,
        "narHash": "sha256-Vy1rq5AaRuLzOxct8nz4T6wlgyUR7zLU309k9mBC768=",
        "owner": "nix-systems",
        "repo": "default",
        "rev": "da67096a3b9bf56a91d16901293e51ba5b49a27e",
        "type": "github"
      },
      "original": {
        "owner": "nix-systems",
        "repo": "default",
        "type": "github"
      }
    },
    "yandexTaxiTestsuiteSrc": {
      "flake": false,
      "locked": {
        "lastModified": 1771266117,
        "narHash": "sha256-45c/jxjKu1aDMU9ioEWbaQCUrN9RYO3VL5FTiCxttL8=",
        "owner": "yandex",
        "repo": "yandex-taxi-testsuite",
        "rev": "183bdc16a65cc050e3aee79ee7088f778f6e9666",
        "type": "github"
      },
      "original": {
        "owner": "yandex",
        "repo": "yandex-taxi-testsuite",
        "rev": "183bdc16a65cc050e3aee79ee7088f778f6e9666",
        "type": "github"
      }
    }
  },
  "root": "root",
  "version": 7
}
